Microsoft Visual Studio Solution File, Format Version 12.00
# Visual Studio Version 17
VisualStudioVersion = 17.5.2.0
MinimumVisualStudioVersion = 10.0.40219.1
Project("{FAE04EC0-301F-11D3-BF4B-00C04F79EFBC}") = "NexoApi", "NexoApi.csproj", "{9E2123F4-0E20-A4D5-99C8-5E18355CCFEC}"
EndProject
Global
	GlobalSection(SolutionConfigurationPlatforms) = preSolution
		Debug|Any CPU = Debug|Any CPU
		Release|Any CPU = Release|Any CPU
	EndGlobalSection
	GlobalSection(ProjectConfigurationPlatforms) = postSolution
		{9E2123F4-0E20-A4D5-99C8-5E18355CCFEC}.Debug|Any CPU.ActiveCfg = Debug|Any CPU
		{9E2123F4-0E20-A4D5-99C8-5E18355CCFEC}.Debug|Any CPU.Build.0 = Debug|Any CPU
		{9E2123F4-0E20-A4D5-99C8-5E18355CCFEC}.Release|Any CPU.ActiveCfg = Release|Any CPU
		{9E2123F4-0E20-A4D5-99C8-5E18355CCFEC}.Release|Any CPU.Build.0 = Release|Any CPU
	EndGlobalSection
	GlobalSection(SolutionProperties) = preSolution
		HideSolutionNode = FALSE
	EndGlobalSection
	GlobalSection(ExtensibilityGlobals) = postSolution
		SolutionGuid = {39117A7F-3B8B-4400-804D-E04D2B7D36EE}
	EndGlobalSection
EndGlobal
